
Microsoft Visual Studio Solution File, Format Version 12.00
# Visual Studio Version 17
VisualStudioVersion = 17.4.33213.308
MinimumVisualStudioVersion = 10.0.40219.1
Project("{FAE04EC0-301F-11D3-BF4B-00C04F79EFBC}") = "Hangman", "Hangman\Hangman.csproj", "{2DF9E8DD-6F2E-40CD-B02F-F30AEFFF9F26}"
EndProject
Global
	GlobalSection(SolutionConfigurationPlatforms) = preSolution
		Debug|Any CPU = Debug|Any CPU
		Release|Any CPU = Release|Any CPU
	EndGlobalSection
	GlobalSection(ProjectConfigurationPlatforms) = postSolution
		{2DF9E8DD-6F2E-40CD-B02F-F30AEFFF9F26}.Debug|Any CPU.ActiveCfg = Debug|Any CPU
		{2DF9E8DD-6F2E-40CD-B02F-F30AEFFF9F26}.Debug|Any CPU.Build.0 = Debug|Any CPU
		{2DF9E8DD-6F2E-40CD-B02F-F30AEFFF9F26}.Release|Any CPU.ActiveCfg = Release|Any CPU
		{2DF9E8DD-6F2E-40CD-B02F-F30AEFFF9F26}.Release|Any CPU.Build.0 = Release|Any CPU
	EndGlobalSection
	GlobalSection(SolutionProperties) = preSolution
		HideSolutionNode = FALSE
	EndGlobalSection
	GlobalSection(ExtensibilityGlobals) = postSolution
		SolutionGuid = {22D64ACA-CE86-446A-82A8-7BF3F04360E2}
	EndGlobalSection
EndGlobal
